// !$*UTF8*$!
{
	archiveVersion = 1;
	classes = {
	};
	objectVersion = 56;
	objects = {

/* Begin PBXBuildFile section */
		FE56F78B2A1767D0003D9B91 /* SwiftUIAdvancedCourseApp.swift in Sources */ = {isa = PBXBuildFile; fileRef = FE56F78A2A1767D0003D9B91 /* SwiftUIAdvancedCourseApp.swift */; };
		FE56F78D2A1767D0003D9B91 /* SignupView.swift in Sources */ = {isa = PBXBuildFile; fileRef = FE56F78C2A1767D0003D9B91 /* SignupView.swift */; };
		FE56F78F2A1767D1003D9B91 /* Assets.xcassets in Resources */ = {isa = PBXBuildFile; fileRef = FE56F78E2A1767D1003D9B91 /* Assets.xcassets */; };
		FE56F7922A1767D1003D9B91 /* Preview Assets.xcassets in Resources */ = {isa = PBXBuildFile; fileRef = FE56F7912A1767D1003D9B91 /* Preview Assets.xcassets */; };
		FE56F7942A1767D1003D9B91 /* Persistence.swift in Sources */ = {isa = PBXBuildFile; fileRef = FE56F7932A1767D1003D9B91 /* Persistence.swift */; };
		FE56F7972A1767D1003D9B91 /* SwiftUIAdvancedCourse.xcdatamodeld in Sources */ = {isa = PBXBuildFile; fileRef = FE56F7952A1767D1003D9B91 /* SwiftUIAdvancedCourse.xcdatamodeld */; };
		FE784EBA2A176B5000B93F1A /* VisualEffectBlur.swift in Sources */ = {isa = PBXBuildFile; fileRef = FE784EB82A176B5000B93F1A /* VisualEffectBlur.swift */; };
		FE784EBB2A176B5000B93F1A /* ImagePicker.swift in Sources */ = {isa = PBXBuildFile; fileRef = FE784EB92A176B5000B93F1A /* ImagePicker.swift */; };
		FE784EBE2A177B0C00B93F1A /* GradientText.swift in Sources */ = {isa = PBXBuildFile; fileRef = FE784EBD2A177B0C00B93F1A /* GradientText.swift */; };
		FE784EC02A177B3F00B93F1A /* GradientButton.swift in Sources */ = {isa = PBXBuildFile; fileRef = FE784EBF2A177B3F00B93F1A /* GradientButton.swift */; };
		FE784EC22A177B6700B93F1A /* TextFieldIcon.swift in Sources */ = {isa = PBXBuildFile; fileRef = FE784EC12A177B6700B93F1A /* TextFieldIcon.swift */; };
		FE784EC52A178EFA00B93F1A /* FirebaseAuth in Frameworks */ = {isa = PBXBuildFile; productRef = FE784EC42A178EFA00B93F1A /* FirebaseAuth */; };
		FE784EC92A17D2FB00B93F1A /* ProfileView.swift in Sources */ = {isa = PBXBuildFile; fileRef = FE784EC82A17D2FB00B93F1A /* ProfileView.swift */; };
		FEA1DB782A1BB3F100D8AA1D /* AppDelegate.swift in Sources */ = {isa = PBXBuildFile; fileRef = FEA1DB772A1BB3F100D8AA1D /* AppDelegate.swift */; };
		FEA1DB7A2A1BB49800D8AA1D /* GoogleService-Info.plist in Resources */ = {isa = PBXBuildFile; fileRef = FEA1DB792A1BB49800D8AA1D /* GoogleService-Info.plist */; };
		FEA1DB7C2A1BB69D00D8AA1D /* SignInWithAppleButton.swift in Sources */ = {isa = PBXBuildFile; fileRef = FEA1DB7B2A1BB69D00D8AA1D /* SignInWithAppleButton.swift */; };
		FEA1DB7E2A1BB79000D8AA1D /* SignInWithAppleObject.swift in Sources */ = {isa = PBXBuildFile; fileRef = FEA1DB7D2A1BB79000D8AA1D /* SignInWithAppleObject.swift */; };
		FEDD5FF22A1C9FC1002330A2 /* GradientProfilePictureView.swift in Sources */ = {isa = PBXBuildFile; fileRef = FEDD5FF12A1C9FC1002330A2 /* GradientProfilePictureView.swift */; };
		FEDD5FF52A1CA594002330A2 /* SettingsView.swift in Sources */ = {isa = PBXBuildFile; fileRef = FEDD5FF42A1CA594002330A2 /* SettingsView.swift */; };
		FEDD5FF72A1CA6BC002330A2 /* GradientTextField.swift in Sources */ = {isa = PBXBuildFile; fileRef = FEDD5FF62A1CA6BC002330A2 /* GradientTextField.swift */; };
/* End PBXBuildFile section */

/* Begin PBXFileReference section */
		FE56F7872A1767D0003D9B91 /* SwiftUIAdvancedCourse.app */ = {isa = PBXFileReference; explicitFileType = wrapper.application; includeInIndex = 0; path = SwiftUIAdvancedCourse.app; sourceTree = BUILT_PRODUCTS_DIR; };
		FE56F78A2A1767D0003D9B91 /* SwiftUIAdvancedCourseApp.swift */ = {isa = PBXFileReference; lastKnownFileType = sourcecode.swift; path = SwiftUIAdvancedCourseApp.swift; sourceTree = "<group>"; };
		FE56F78C2A1767D0003D9B91 /* SignupView.swift */ = {isa = PBXFileReference; lastKnownFileType = sourcecode.swift; path = SignupView.swift; sourceTree = "<group>"; };
		FE56F78E2A1767D1003D9B91 /* Assets.xcassets */ = {isa = PBXFileReference; lastKnownFileType = folder.assetcatalog; path = Assets.xcassets; sourceTree = "<group>"; };
		FE56F7912A1767D1003D9B91 /* Preview Assets.xcassets */ = {isa = PBXFileReference; lastKnownFileType = folder.assetcatalog; path = "Preview Assets.xcassets"; sourceTree = "<group>"; };
		FE56F7932A1767D1003D9B91 /* Persistence.swift */ = {isa = PBXFileReference; lastKnownFileType = sourcecode.swift; path = Persistence.swift; sourceTree = "<group>"; };
		FE56F7962A1767D1003D9B91 /* SwiftUIAdvancedCourse.xcdatamodel */ = {isa = PBXFileReference; lastKnownFileType = wrapper.xcdatamodel; path = SwiftUIAdvancedCourse.xcdatamodel; sourceTree = "<group>"; };
		FE56F7982A1767D1003D9B91 /* Info.plist */ = {isa = PBXFileReference; lastKnownFileType = text.plist.xml; path = Info.plist; sourceTree = "<group>"; };
		FE784EB82A176B5000B93F1A /* VisualEffectBlur.swift */ = {isa = PBXFileReference; fileEncoding = 4; lastKnownFileType = sourcecode.swift; path = VisualEffectBlur.swift; sourceTree = "<group>"; };
		FE784EB92A176B5000B93F1A /* ImagePicker.swift */ = {isa = PBXFileReference; fileEncoding = 4; lastKnownFileType = sourcecode.swift; path = ImagePicker.swift; sourceTree = "<group>"; };
		FE784EBD2A177B0C00B93F1A /* GradientText.swift */ = {isa = PBXFileReference; lastKnownFileType = sourcecode.swift; path = GradientText.swift; sourceTree = "<group>"; };
		FE784EBF2A177B3F00B93F1A /* GradientButton.swift */ = {isa = PBXFileReference; lastKnownFileType = sourcecode.swift; path = GradientButton.swift; sourceTree = "<group>"; };
		FE784EC12A177B6700B93F1A /* TextFieldIcon.swift */ = {isa = PBXFileReference; lastKnownFileType = sourcecode.swift; path = TextFieldIcon.swift; sourceTree = "<group>"; };
		FE784EC82A17D2FB00B93F1A /* ProfileView.swift */ = {isa = PBXFileReference; lastKnownFileType = sourcecode.swift; path = ProfileView.swift; sourceTree = "<group>"; };
		FEA1DB772A1BB3F100D8AA1D /* AppDelegate.swift */ = {isa = PBXFileReference; lastKnownFileType = sourcecode.swift; path = AppDelegate.swift; sourceTree = "<group>"; };
		FEA1DB792A1BB49800D8AA1D /* GoogleService-Info.plist */ = {isa = PBXFileReference; fileEncoding = 4; lastKnownFileType = text.plist.xml; path = "GoogleService-Info.plist"; sourceTree = "<group>"; };
		FEA1DB7B2A1BB69D00D8AA1D /* SignInWithAppleButton.swift */ = {isa = PBXFileReference; lastKnownFileType = sourcecode.swift; path = SignInWithAppleButton.swift; sourceTree = "<group>"; };
		FEA1DB7D2A1BB79000D8AA1D /* SignInWithAppleObject.swift */ = {isa = PBXFileReference; lastKnownFileType = sourcecode.swift; path = SignInWithAppleObject.swift; sourceTree = "<group>"; };
		FEA1DB7F2A1BBB4F00D8AA1D /* SwiftUIAdvancedCourse.entitlements */ = {isa = PBXFileReference; lastKnownFileType = text.plist.entitlements; path = SwiftUIAdvancedCourse.entitlements; sourceTree = "<group>"; };
		FEDD5FF12A1C9FC1002330A2 /* GradientProfilePictureView.swift */ = {isa = PBXFileReference; lastKnownFileType = sourcecode.swift; path = GradientProfilePictureView.swift; sourceTree = "<group>"; };
		FEDD5FF42A1CA594002330A2 /* SettingsView.swift */ = {isa = PBXFileReference; lastKnownFileType = sourcecode.swift; path = SettingsView.swift; sourceTree = "<group>"; };
		FEDD5FF62A1CA6BC002330A2 /* GradientTextField.swift */ = {isa = PBXFileReference; lastKnownFileType = sourcecode.swift; path = GradientTextField.swift; sourceTree = "<group>"; };
/* End PBXFileReference section */

/* Begin PBXFrameworksBuildPhase section */
		FE56F7842A1767D0003D9B91 /* Frameworks */ = {
			isa = PBXFrameworksBuildPhase;
			buildActionMask = 2147483647;
			files = (
				FE784EC52A178EFA00B93F1A /* FirebaseAuth in Frameworks */,
			);
			runOnlyForDeploymentPostprocessing = 0;
		};
/* End PBXFrameworksBuildPhase section */

/* Begin PBXGroup section */
		FE56F77E2A1767D0003D9B91 = {
			isa = PBXGroup;
			children = (
				FE56F7892A1767D0003D9B91 /* SwiftUIAdvancedCourse */,
				FE56F7882A1767D0003D9B91 /* Products */,
			);
			sourceTree = "<group>";
		};
		FE56F7882A1767D0003D9B91 /* Products */ = {
			isa = PBXGroup;
			children = (
				FE56F7872A1767D0003D9B91 /* SwiftUIAdvancedCourse.app */,
			);
			name = Products;
			sourceTree = "<group>";
		};
		FE56F7892A1767D0003D9B91 /* SwiftUIAdvancedCourse */ = {
			isa = PBXGroup;
			children = (
				FEA1DB7F2A1BBB4F00D8AA1D /* SwiftUIAdvancedCourse.entitlements */,
				FE56F78A2A1767D0003D9B91 /* SwiftUIAdvancedCourseApp.swift */,
				FE784EBC2A177AEC00B93F1A /* Views */,
				FE784EB72A176B5000B93F1A /* Helpers */,
				FE56F78C2A1767D0003D9B91 /* SignupView.swift */,
				FE784EC82A17D2FB00B93F1A /* ProfileView.swift */,
				FE56F7932A1767D1003D9B91 /* Persistence.swift */,
				FE56F7982A1767D1003D9B91 /* Info.plist */,
				FE56F7952A1767D1003D9B91 /* SwiftUIAdvancedCourse.xcdatamodeld */,
				FE56F78E2A1767D1003D9B91 /* Assets.xcassets */,
				FEA1DB792A1BB49800D8AA1D /* GoogleService-Info.plist */,
				FE56F7902A1767D1003D9B91 /* Preview Content */,
				FEA1DB772A1BB3F100D8AA1D /* AppDelegate.swift */,
			);
			path = SwiftUIAdvancedCourse;
			sourceTree = "<group>";
		};
		FE56F7902A1767D1003D9B91 /* Preview Content */ = {
			isa = PBXGroup;
			children = (
				FE56F7912A1767D1003D9B91 /* Preview Assets.xcassets */,
			);
			path = "Preview Content";
			sourceTree = "<group>";
		};
		FE784EB72A176B5000B93F1A /* Helpers */ = {
			isa = PBXGroup;
			children = (
				FE784EB82A176B5000B93F1A /* VisualEffectBlur.swift */,
				FE784EB92A176B5000B93F1A /* ImagePicker.swift */,
				FEA1DB7D2A1BB79000D8AA1D /* SignInWithAppleObject.swift */,
			);
			path = Helpers;
			sourceTree = "<group>";
		};
		FE784EBC2A177AEC00B93F1A /* Views */ = {
			isa = PBXGroup;
			children = (
				FEDD5FF12A1C9FC1002330A2 /* GradientProfilePictureView.swift */,
				FE784EBD2A177B0C00B93F1A /* GradientText.swift */,
				FE784EBF2A177B3F00B93F1A /* GradientButton.swift */,
				FE784EC12A177B6700B93F1A /* TextFieldIcon.swift */,
				FEA1DB7B2A1BB69D00D8AA1D /* SignInWithAppleButton.swift */,
				FEDD5FF42A1CA594002330A2 /* SettingsView.swift */,
				FEDD5FF62A1CA6BC002330A2 /* GradientTextField.swift */,
			);
			path = Views;
			sourceTree = "<group>";
		};
/* End PBXGroup section */

/* Begin PBXNativeTarget section */
		FE56F7862A1767D0003D9B91 /* SwiftUIAdvancedCourse */ = {
			isa = PBXNativeTarget;
			buildConfigurationList = FE56F79B2A1767D1003D9B91 /* Build configuration list for PBXNativeTarget "SwiftUIAdvancedCourse" */;
			buildPhases = (
				FE56F7832A1767D0003D9B91 /* Sources */,
				FE56F7842A1767D0003D9B91 /* Frameworks */,
				FE56F7852A1767D0003D9B91 /* Resources */,
			);
			buildRules = (
			);
			dependencies = (
			);
			name = SwiftUIAdvancedCourse;
			packageProductDependencies = (
				FE784EC42A178EFA00B93F1A /* FirebaseAuth */,
			);
			productName = SwiftUIAdvancedCourse;
			productReference = FE56F7872A1767D0003D9B91 /* SwiftUIAdvancedCourse.app */;
			productType = "com.apple.product-type.application";
		};
/* End PBXNativeTarget section */

/* Begin PBXProject section */
		FE56F77F2A1767D0003D9B91 /* Project object */ = {
			isa = PBXProject;
			attributes = {
				BuildIndependentTargetsInParallel = 1;
				LastSwiftUpdateCheck = 1430;
				LastUpgradeCheck = 1430;
				TargetAttributes = {
					FE56F7862A1767D0003D9B91 = {
						CreatedOnToolsVersion = 14.3;
					};
				};
			};
			buildConfigurationList = FE56F7822A1767D0003D9B91 /* Build configuration list for PBXProject "SwiftUIAdvancedCourse" */;
			compatibilityVersion = "Xcode 14.0";
			developmentRegion = en;
			hasScannedForEncodings = 0;
			knownRegions = (
				en,
				Base,
			);
			mainGroup = FE56F77E2A1767D0003D9B91;
			packageReferences = (
				FE784EC32A178EFA00B93F1A /* XCRemoteSwiftPackageReference "firebase-ios-sdk" */,
			);
			productRefGroup = FE56F7882A1767D0003D9B91 /* Products */;
			projectDirPath = "";
			projectRoot = "";
			targets = (
				FE56F7862A1767D0003D9B91 /* SwiftUIAdvancedCourse */,
			);
		};
/* End PBXProject section */

/* Begin PBXResourcesBuildPhase section */
		FE56F7852A1767D0003D9B91 /* Resources */ = {
			isa = PBXResourcesBuildPhase;
			buildActionMask = 2147483647;
			files = (
				FE56F7922A1767D1003D9B91 /* Preview Assets.xcassets in Resources */,
				FE56F78F2A1767D1003D9B91 /* Assets.xcassets in Resources */,
				FEA1DB7A2A1BB49800D8AA1D /* GoogleService-Info.plist in Resources */,
			);
			runOnlyForDeploymentPostprocessing = 0;
		};
/* End PBXResourcesBuildPhase section */

/* Begin PBXSourcesBuildPhase section */
		FE56F7832A1767D0003D9B91 /* Sources */ = {
			isa = PBXSourcesBuildPhase;
			buildActionMask = 2147483647;
			files = (
				FEDD5FF52A1CA594002330A2 /* SettingsView.swift in Sources */,
				FEDD5FF22A1C9FC1002330A2 /* GradientProfilePictureView.swift in Sources */,
				FEA1DB782A1BB3F100D8AA1D /* AppDelegate.swift in Sources */,
				FE784EBA2A176B5000B93F1A /* VisualEffectBlur.swift in Sources */,
				FE784EC02A177B3F00B93F1A /* GradientButton.swift in Sources */,
				FE784EC92A17D2FB00B93F1A /* ProfileView.swift in Sources */,
				FEA1DB7C2A1BB69D00D8AA1D /* SignInWithAppleButton.swift in Sources */,
				FE784EBE2A177B0C00B93F1A /* GradientText.swift in Sources */,
				FE56F7972A1767D1003D9B91 /* SwiftUIAdvancedCourse.xcdatamodeld in Sources */,
				FEDD5FF72A1CA6BC002330A2 /* GradientTextField.swift in Sources */,
				FE56F7942A1767D1003D9B91 /* Persistence.swift in Sources */,
				FE784EC22A177B6700B93F1A /* TextFieldIcon.swift in Sources */,
				FE784EBB2A176B5000B93F1A /* ImagePicker.swift in Sources */,
				FE56F78D2A1767D0003D9B91 /* SignupView.swift in Sources */,
				FE56F78B2A1767D0003D9B91 /* SwiftUIAdvancedCourseApp.swift in Sources */,
				FEA1DB7E2A1BB79000D8AA1D /* SignInWithAppleObject.swift in Sources */,
			);
			runOnlyForDeploymentPostprocessing = 0;
		};
/* End PBXSourcesBuildPhase section */

/* Begin XCBuildConfiguration section */
		FE56F7992A1767D1003D9B91 /* Debug */ = {
			isa = XCBuildConfiguration;
			buildSettings = {
				ALWAYS_SEARCH_USER_PATHS = NO;
				CLANG_ANALYZER_NONNULL = YES;
				CLANG_ANALYZER_NUMBER_OBJECT_CONVERSION = YES_AGGRESSIVE;
				CLANG_CXX_LANGUAGE_STANDARD = "gnu++20";
				CLANG_ENABLE_MODULES = YES;
				CLANG_ENABLE_OBJC_ARC = YES;
				CLANG_ENABLE_OBJC_WEAK = YES;
				CLANG_WARN_BLOCK_CAPTURE_AUTORELEASING = YES;
				CLANG_WARN_BOOL_CONVERSION = YES;
				CLANG_WARN_COMMA = YES;
				CLANG_WARN_CONSTANT_CONVERSION = YES;
				CLANG_WARN_DEPRECATED_OBJC_IMPLEMENTATIONS = YES;
				CLANG_WARN_DIRECT_OBJC_ISA_USAGE = YES_ERROR;
				CLANG_WARN_DOCUMENTATION_COMMENTS = YES;
				CLANG_WARN_EMPTY_BODY = YES;
				CLANG_WARN_ENUM_CONVERSION = YES;
				CLANG_WARN_INFINITE_RECURSION = YES;
				CLANG_WARN_INT_CONVERSION = YES;
				CLANG_WARN_NON_LITERAL_NULL_CONVERSION = YES;
				CLANG_WARN_OBJC_IMPLICIT_RETAIN_SELF = YES;
				CLANG_WARN_OBJC_LITERAL_CONVERSION = YES;
				CLANG_WARN_OBJC_ROOT_CLASS = YES_ERROR;
				CLANG_WARN_QUOTED_INCLUDE_IN_FRAMEWORK_HEADER = YES;
				CLANG_WARN_RANGE_LOOP_ANALYSIS = YES;
				CLANG_WARN_STRICT_PROTOTYPES = YES;
				CLANG_WARN_SUSPICIOUS_MOVE = YES;
				CLANG_WARN_UNGUARDED_AVAILABILITY = YES_AGGRESSIVE;
				CLANG_WARN_UNREACHABLE_CODE = YES;
				CLANG_WARN__DUPLICATE_METHOD_MATCH = YES;
				COPY_PHASE_STRIP = NO;
				DEBUG_INFORMATION_FORMAT = dwarf;
				ENABLE_STRICT_OBJC_MSGSEND = YES;
				ENABLE_TESTABILITY = YES;
				GCC_C_LANGUAGE_STANDARD = gnu11;
				GCC_DYNAMIC_NO_PIC = NO;
				GCC_NO_COMMON_BLOCKS = YES;
				GCC_OPTIMIZATION_LEVEL = 0;
				GCC_PREPROCESSOR_DEFINITIONS = (
					"DEBUG=1",
					"$(inherited)",
				);
				GCC_WARN_64_TO_32_BIT_CONVERSION = YES;
				GCC_WARN_ABOUT_RETURN_TYPE = YES_ERROR;
				GCC_WARN_UNDECLARED_SELECTOR = YES;
				GCC_WARN_UNINITIALIZED_AUTOS = YES_AGGRESSIVE;
				GCC_WARN_UNUSED_FUNCTION = YES;
				GCC_WARN_UNUSED_VARIABLE = YES;
				IPHONEOS_DEPLOYMENT_TARGET = 16.0;
				MTL_ENABLE_DEBUG_INFO = INCLUDE_SOURCE;
				MTL_FAST_MATH = YES;
				ONLY_ACTIVE_ARCH = YES;
				SDKROOT = iphoneos;
				SWIFT_ACTIVE_COMPILATION_CONDITIONS = DEBUG;
				SWIFT_OPTIMIZATION_LEVEL = "-Onone";
			};
			name = Debug;
		};
		FE56F79A2A1767D1003D9B91 /* Release */ = {
			isa = XCBuildConfiguration;
			buildSettings = {
				ALWAYS_SEARCH_USER_PATHS = NO;
				CLANG_ANALYZER_NONNULL = YES;
				CLANG_ANALYZER_NUMBER_OBJECT_CONVERSION = YES_AGGRESSIVE;
				CLANG_CXX_LANGUAGE_STANDARD = "gnu++20";
				CLANG_ENABLE_MODULES = YES;
				CLANG_ENABLE_OBJC_ARC = YES;
				CLANG_ENABLE_OBJC_WEAK = YES;
				CLANG_WARN_BLOCK_CAPTURE_AUTORELEASING = YES;
				CLANG_WARN_BOOL_CONVERSION = YES;
				CLANG_WARN_COMMA = YES;
				CLANG_WARN_CONSTANT_CONVERSION = YES;
				CLANG_WARN_DEPRECATED_OBJC_IMPLEMENTATIONS = YES;
				CLANG_WARN_DIRECT_OBJC_ISA_USAGE = YES_ERROR;
				CLANG_WARN_DOCUMENTATION_COMMENTS = YES;
				CLANG_WARN_EMPTY_BODY = YES;
				CLANG_WARN_ENUM_CONVERSION = YES;
				CLANG_WARN_INFINITE_RECURSION = YES;
				CLANG_WARN_INT_CONVERSION = YES;
				CLANG_WARN_NON_LITERAL_NULL_CONVERSION = YES;
				CLANG_WARN_OBJC_IMPLICIT_RETAIN_SELF = YES;
				CLANG_WARN_OBJC_LITERAL_CONVERSION = YES;
				CLANG_WARN_OBJC_ROOT_CLASS = YES_ERROR;
				CLANG_WARN_QUOTED_INCLUDE_IN_FRAMEWORK_HEADER = YES;
				CLANG_WARN_RANGE_LOOP_ANALYSIS = YES;
				CLANG_WARN_STRICT_PROTOTYPES = YES;
				CLANG_WARN_SUSPICIOUS_MOVE = YES;
				CLANG_WARN_UNGUARDED_AVAILABILITY = YES_AGGRESSIVE;
				CLANG_WARN_UNREACHABLE_CODE = YES;
				CLANG_WARN__DUPLICATE_METHOD_MATCH = YES;
				COPY_PHASE_STRIP = NO;
				DEBUG_INFORMATION_FORMAT = "dwarf-with-dsym";
				ENABLE_NS_ASSERTIONS = NO;
				ENABLE_STRICT_OBJC_MSGSEND = YES;
				GCC_C_LANGUAGE_STANDARD = gnu11;
				GCC_NO_COMMON_BLOCKS = YES;
				GCC_WARN_64_TO_32_BIT_CONVERSION = YES;
				GCC_WARN_ABOUT_RETURN_TYPE = YES_ERROR;
				GCC_WARN_UNDECLARED_SELECTOR = YES;
				GCC_WARN_UNINITIALIZED_AUTOS = YES_AGGRESSIVE;
				GCC_WARN_UNUSED_FUNCTION = YES;
				GCC_WARN_UNUSED_VARIABLE = YES;
				IPHONEOS_DEPLOYMENT_TARGET = 16.0;
				MTL_ENABLE_DEBUG_INFO = NO;
				MTL_FAST_MATH = YES;
				SDKROOT = iphoneos;
				SWIFT_COMPILATION_MODE = wholemodule;
				SWIFT_OPTIMIZATION_LEVEL = "-O";
				VALIDATE_PRODUCT = YES;
			};
			name = Release;
		};
		FE56F79C2A1767D1003D9B91 /* Debug */ = {
			isa = XCBuildConfiguration;
			buildSettings = {
				ASSETCATALOG_COMPILER_APPICON_NAME = AppIcon;
				ASSETCATALOG_COMPILER_GLOBAL_ACCENT_COLOR_NAME = AccentColor;
				CODE_SIGN_ENTITLEMENTS = SwiftUIAdvancedCourse/SwiftUIAdvancedCourse.entitlements;
				CODE_SIGN_STYLE = Automatic;
				CURRENT_PROJECT_VERSION = 1;
				DEVELOPMENT_ASSET_PATHS = "\"SwiftUIAdvancedCourse/Preview Content\"";
				DEVELOPMENT_TEAM = T3Y3F3RZUZ;
				ENABLE_PREVIEWS = YES;
				GENERATE_INFOPLIST_FILE = YES;
				INFOPLIST_FILE = SwiftUIAdvancedCourse/Info.plist;
				INFOPLIST_KEY_CFBundleDisplayName = "SwiftUI Advanced";
				INFOPLIST_KEY_UIApplicationSceneManifest_Generation = YES;
				INFOPLIST_KEY_UIApplicationSupportsIndirectInputEvents = YES;
				INFOPLIST_KEY_UILaunchScreen_Generation = YES;
				INFOPLIST_KEY_UISupportedInterfaceOrientations_iPad = "UIInterfaceOrientationPortrait UIInterfaceOrientationPortraitUpsideDown UIInterfaceOrientationLandscapeLeft UIInterfaceOrientationLandscapeRight";
				INFOPLIST_KEY_UISupportedInterfaceOrientations_iPhone = "UIInterfaceOrientationPortrait UIInterfaceOrientationLandscapeLeft UIInterfaceOrientationLandscapeRight";
				IPHONEOS_DEPLOYMENT_TARGET = 16.0;
				LD_RUNPATH_SEARCH_PATHS = (
					"$(inherited)",
					"@executable_path/Frameworks",
				);
				MARKETING_VERSION = 1.0;
				PRODUCT_BUNDLE_IDENTIFIER = it.spaarkly.SwiftUIAdvancedCourse;
				PRODUCT_NAME = "$(TARGET_NAME)";
				SWIFT_EMIT_LOC_STRINGS = YES;
				SWIFT_VERSION = 5.0;
				TARGETED_DEVICE_FAMILY = "1,2";
			};
			name = Debug;
		};
		FE56F79D2A1767D1003D9B91 /* Release */ = {
			isa = XCBuildConfiguration;
			buildSettings = {
				ASSETCATALOG_COMPILER_APPICON_NAME = AppIcon;
				ASSETCATALOG_COMPILER_GLOBAL_ACCENT_COLOR_NAME = AccentColor;
				CODE_SIGN_ENTITLEMENTS = SwiftUIAdvancedCourse/SwiftUIAdvancedCourse.entitlements;
				CODE_SIGN_STYLE = Automatic;
				CURRENT_PROJECT_VERSION = 1;
				DEVELOPMENT_ASSET_PATHS = "\"SwiftUIAdvancedCourse/Preview Content\"";
				DEVELOPMENT_TEAM = T3Y3F3RZUZ;
				ENABLE_PREVIEWS = YES;
				GENERATE_INFOPLIST_FILE = YES;
				INFOPLIST_FILE = SwiftUIAdvancedCourse/Info.plist;
				INFOPLIST_KEY_CFBundleDisplayName = "SwiftUI Advanced";
				INFOPLIST_KEY_UIApplicationSceneManifest_Generation = YES;
				INFOPLIST_KEY_UIApplicationSupportsIndirectInputEvents = YES;
				INFOPLIST_KEY_UILaunchScreen_Generation = YES;
				INFOPLIST_KEY_UISupportedInterfaceOrientations_iPad = "UIInterfaceOrientationPortrait UIInterfaceOrientationPortraitUpsideDown UIInterfaceOrientationLandscapeLeft UIInterfaceOrientationLandscapeRight";
				INFOPLIST_KEY_UISupportedInterfaceOrientations_iPhone = "UIInterfaceOrientationPortrait UIInterfaceOrientationLandscapeLeft UIInterfaceOrientationLandscapeRight";
				IPHONEOS_DEPLOYMENT_TARGET = 16.0;
				LD_RUNPATH_SEARCH_PATHS = (
					"$(inherited)",
					"@executable_path/Frameworks",
				);
				MARKETING_VERSION = 1.0;
				PRODUCT_BUNDLE_IDENTIFIER = it.spaarkly.SwiftUIAdvancedCourse;
				PRODUCT_NAME = "$(TARGET_NAME)";
				SWIFT_EMIT_LOC_STRINGS = YES;
				SWIFT_VERSION = 5.0;
				TARGETED_DEVICE_FAMILY = "1,2";
			};
			name = Release;
		};
/* End XCBuildConfiguration section */

/* Begin XCConfigurationList section */
		FE56F7822A1767D0003D9B91 /* Build configuration list for PBXProject "SwiftUIAdvancedCourse" */ = {
			isa = XCConfigurationList;
			buildConfigurations = (
				FE56F7992A1767D1003D9B91 /* Debug */,
				FE56F79A2A1767D1003D9B91 /* Release */,
			);
			defaultConfigurationIsVisible = 0;
			defaultConfigurationName = Release;
		};
		FE56F79B2A1767D1003D9B91 /* Build configuration list for PBXNativeTarget "SwiftUIAdvancedCourse" */ = {
			isa = XCConfigurationList;
			buildConfigurations = (
				FE56F79C2A1767D1003D9B91 /* Debug */,
				FE56F79D2A1767D1003D9B91 /* Release */,
			);
			defaultConfigurationIsVisible = 0;
			defaultConfigurationName = Release;
		};
/* End XCConfigurationList section */

/* Begin XCRemoteSwiftPackageReference section */
		FE784EC32A178EFA00B93F1A /* XCRemoteSwiftPackageReference "firebase-ios-sdk" */ = {
			isa = XCRemoteSwiftPackageReference;
			repositoryURL = "https://github.com/firebase/firebase-ios-sdk";
			requirement = {
				kind = upToNextMajorVersion;
				minimumVersion = 10.0.0;
			};
		};
/* End XCRemoteSwiftPackageReference section */

/* Begin XCSwiftPackageProductDependency section */
		FE784EC42A178EFA00B93F1A /* FirebaseAuth */ = {
			isa = XCSwiftPackageProductDependency;
			package = FE784EC32A178EFA00B93F1A /* XCRemoteSwiftPackageReference "firebase-ios-sdk" */;
			productName = FirebaseAuth;
		};
/* End XCSwiftPackageProductDependency section */

/* Begin XCVersionGroup section */
		FE56F7952A1767D1003D9B91 /* SwiftUIAdvancedCourse.xcdatamodeld */ = {
			isa = XCVersionGroup;
			children = (
				FE56F7962A1767D1003D9B91 /* SwiftUIAdvancedCourse.xcdatamodel */,
			);
			currentVersion = FE56F7962A1767D1003D9B91 /* SwiftUIAdvancedCourse.xcdatamodel */;
			path = SwiftUIAdvancedCourse.xcdatamodeld;
			sourceTree = "<group>";
			versionGroupType = wrapper.xcdatamodel;
		};
/* End XCVersionGroup section */
	};
	rootObject = FE56F77F2A1767D0003D9B91 /* Project object */;
}
